
Microsoft Visual Studio Solution File, Format Version 11.00
# Visual Web Developer Express 2010
Project("{FAE04EC0-301F-11D3-BF4B-00C04F79EFBC}") = "MaxMind.GeoIP", "MaxMind.GeoIP\MaxMind.GeoIP.csproj", "{B26F0D19-EF49-420D-AAC4-C46F62948B56}"
EndProject
Global
	GlobalSection(SolutionConfigurationPlatforms) = preSolution
		Debug|Any CPU = Debug|Any CPU
		Release|Any CPU = Release|Any CPU
	EndGlobalSection
	GlobalSection(ProjectConfigurationPlatforms) = postSolution
		{B26F0D19-EF49-420D-AAC4-C46F62948B56}.Debug|Any CPU.ActiveCfg = Debug|Any CPU
		{B26F0D19-EF49-420D-AAC4-C46F62948B56}.Debug|Any CPU.Build.0 = Debug|Any CPU
		{B26F0D19-EF49-420D-AAC4-C46F62948B56}.Release|Any CPU.ActiveCfg = Release|Any CPU
		{B26F0D19-EF49-420D-AAC4-C46F62948B56}.Release|Any CPU.Build.0 = Release|Any CPU
	EndGlobalSection
	GlobalSection(SolutionProperties) = preSolution
		HideSolutionNode = FALSE
	EndGlobalSection
EndGlobal
